
Microsoft Visual Studio Solution File, Format Version 12.00
# Visual Studio Version 16
VisualStudioVersion = 16.0.31729.503
MinimumVisualStudioVersion = 10.0.40219.1
Project("{FAE04EC0-301F-11D3-BF4B-00C04F79EFBC}") = "RedisDemo", "RedisDemo.csproj", "{15947889-5B08-4D6D-AEE3-2C6E4E007605}"
EndProject
Global
	GlobalSection(SolutionConfigurationPlatforms) = preSolution
		Debug|Any CPU = Debug|Any CPU
		Release|Any CPU = Release|Any CPU
	EndGlobalSection
	GlobalSection(ProjectConfigurationPlatforms) = postSolution
		{15947889-5B08-4D6D-AEE3-2C6E4E007605}.Debug|Any CPU.ActiveCfg = Debug|Any CPU
		{15947889-5B08-4D6D-AEE3-2C6E4E007605}.Debug|Any CPU.Build.0 = Debug|Any CPU
		{15947889-5B08-4D6D-AEE3-2C6E4E007605}.Release|Any CPU.ActiveCfg = Release|Any CPU
		{15947889-5B08-4D6D-AEE3-2C6E4E007605}.Release|Any CPU.Build.0 = Release|Any CPU
	EndGlobalSection
	GlobalSection(SolutionProperties) = preSolution
		HideSolutionNode = FALSE
	EndGlobalSection
	GlobalSection(ExtensibilityGlobals) = postSolution
		SolutionGuid = {2180ACD3-3532-44ED-9F5E-A0AB9F972AFC}
	EndGlobalSection
EndGlobal
